# This file is automatically @generated by Cargo.
# It is not intended for manual editing.
version = 3

[[package]]
name = "aoc_utils"
version = "0.1.0"

[[package]]
name = "day18"
version = "0.1.0"
dependencies = [
 "aoc_utils",
 "polygon",
]

[[package]]
name = "polygon"
version = "0.2.0"
source = "registry+https://github.com/rust-lang/crates.io-index"
checksum = "05e6885a32cb198683ebfa586b3eab411d12e2fca8c1560ecca5272f6a7872da"
