# This file is automatically @generated by Cargo.
# It is not intended for manual editing.
version = 3

[[package]]
name = "aoc_utils"
version = "0.1.0"

[[package]]
name = "day09"
version = "0.1.0"
dependencies = [
 "aoc_utils",
 "slice",
]

[[package]]
name = "slice"
version = "0.0.4"
source = "registry+https://github.com/rust-lang/crates.io-index"
checksum = "a48d174c11a0755b515b7e09f63f10dec39f2d6b9911a8cefacbcc77c664f937"
